
Microsoft Visual Studio Solution File, Format Version 12.00
# Visual Studio 15
VisualStudioVersion = 15.0.27004.2005
MinimumVisualStudioVersion = 10.0.40219.1
Project("{9A19103F-16F7-4668-BE54-9A1E7A4F7556}") = "Szakdoga", "ReportingWebApplication\Szakdoga.csproj", "{279E5516-9F4C-4E8C-B925-2DB0CB736E0E}"
EndProject
Project("{9A19103F-16F7-4668-BE54-9A1E7A4F7556}") = "Szakdoga.UnitTests", "Test_ReportingWebApplication\Szakdoga.UnitTests.csproj", "{A95EDCEB-7FD6-4EC0-960F-A614DF5E2432}"
EndProject
Global
	GlobalSection(SolutionConfigurationPlatforms) = preSolution
		Debug|Any CPU = Debug|Any CPU
		Release|Any CPU = Release|Any CPU
	EndGlobalSection
	GlobalSection(ProjectConfigurationPlatforms) = postSolution
		{279E5516-9F4C-4E8C-B925-2DB0CB736E0E}.Debug|Any CPU.ActiveCfg = Debug|Any CPU
		{279E5516-9F4C-4E8C-B925-2DB0CB736E0E}.Debug|Any CPU.Build.0 = Debug|Any CPU
		{279E5516-9F4C-4E8C-B925-2DB0CB736E0E}.Release|Any CPU.ActiveCfg = Release|Any CPU
		{279E5516-9F4C-4E8C-B925-2DB0CB736E0E}.Release|Any CPU.Build.0 = Release|Any CPU
		{A95EDCEB-7FD6-4EC0-960F-A614DF5E2432}.Debug|Any CPU.ActiveCfg = Debug|Any CPU
		{A95EDCEB-7FD6-4EC0-960F-A614DF5E2432}.Debug|Any CPU.Build.0 = Debug|Any CPU
		{A95EDCEB-7FD6-4EC0-960F-A614DF5E2432}.Release|Any CPU.ActiveCfg = Release|Any CPU
		{A95EDCEB-7FD6-4EC0-960F-A614DF5E2432}.Release|Any CPU.Build.0 = Release|Any CPU
	EndGlobalSection
	GlobalSection(SolutionProperties) = preSolution
		HideSolutionNode = FALSE
	EndGlobalSection
	GlobalSection(ExtensibilityGlobals) = postSolution
		SolutionGuid = {2085ADDC-37EC-411F-BB4C-91397B9FAAE0}
	EndGlobalSection
EndGlobal
